
Microsoft Visual Studio Solution File, Format Version 12.00
# Visual Studio Version 17
VisualStudioVersion = 17.9.34728.123
MinimumVisualStudioVersion = 10.0.40219.1
Project("{9A19103F-16F7-4668-BE54-9A1E7A4F7556}") = "banobras-bitacoras-business", "banobras-bitacoras-business\banobras-bitacoras-business.csproj", "{02F1024C-045F-4446-B382-01CFC385A8F0}"
EndProject
Global
	GlobalSection(SolutionConfigurationPlatforms) = preSolution
		Debug|Any CPU = Debug|Any CPU
		Release|Any CPU = Release|Any CPU
	EndGlobalSection
	GlobalSection(ProjectConfigurationPlatforms) = postSolution
		{02F1024C-045F-4446-B382-01CFC385A8F0}.Debug|Any CPU.ActiveCfg = Debug|Any CPU
		{02F1024C-045F-4446-B382-01CFC385A8F0}.Debug|Any CPU.Build.0 = Debug|Any CPU
		{02F1024C-045F-4446-B382-01CFC385A8F0}.Release|Any CPU.ActiveCfg = Release|Any CPU
		{02F1024C-045F-4446-B382-01CFC385A8F0}.Release|Any CPU.Build.0 = Release|Any CPU
	EndGlobalSection
	GlobalSection(SolutionProperties) = preSolution
		HideSolutionNode = FALSE
	EndGlobalSection
	GlobalSection(ExtensibilityGlobals) = postSolution
		SolutionGuid = {EC536B15-021B-4481-B3A8-B9095C3BDD5C}
	EndGlobalSection
EndGlobal
